// !$*UTF8*$!
{
	archiveVersion = 1;
	classes = {
	};
	objectVersion = 50;
	objects = {

/* Begin PBXBuildFile section */
		9220E0BC218B99AD001223FC /* AppDelegate.swift in Sources */ = {isa = PBXBuildFile; fileRef = 9220E0BB218B99AD001223FC /* AppDelegate.swift */; };
		9220E0C2218B99AD001223FC /* GameScene.swift in Sources */ = {isa = PBXBuildFile; fileRef = 9220E0C1218B99AD001223FC /* GameScene.swift */; };
		9220E0C4218B99AD001223FC /* ViewController.swift in Sources */ = {isa = PBXBuildFile; fileRef = 9220E0C3218B99AD001223FC /* ViewController.swift */; };
		9220E0DD218BA2FE001223FC /* Assets.xcassets in Resources */ = {isa = PBXBuildFile; fileRef = 9220E0D5218BA2FE001223FC /* Assets.xcassets */; };
		9220E0DF218BA2FE001223FC /* GameScene.sks in Resources */ = {isa = PBXBuildFile; fileRef = 9220E0D9218BA2FE001223FC /* GameScene.sks */; };
		9220E0E0218BA2FE001223FC /* MapTileSet.sks in Resources */ = {isa = PBXBuildFile; fileRef = 9220E0DA218BA2FE001223FC /* MapTileSet.sks */; };
		9220E0E2218BA2FE001223FC /* Actions.sks in Resources */ = {isa = PBXBuildFile; fileRef = 9220E0DC218BA2FE001223FC /* Actions.sks */; };
		9220E0E4218BA321001223FC /* MapGenerator.swift in Sources */ = {isa = PBXBuildFile; fileRef = 9220E0E3218BA321001223FC /* MapGenerator.swift */; };
		9220E0E7218BA61D001223FC /* SKTileSet+GroupAccess.swift in Sources */ = {isa = PBXBuildFile; fileRef = 9220E0E6218BA61D001223FC /* SKTileSet+GroupAccess.swift */; };
		9220E0E8218BA7A2001223FC /* Main.storyboard in Resources */ = {isa = PBXBuildFile; fileRef = 9220E0D7218BA2FE001223FC /* Main.storyboard */; };
/* End PBXBuildFile section */

/* Begin PBXFileReference section */
		9220E0B8218B99AD001223FC /* FirstOfUs.app */ = {isa = PBXFileReference; explicitFileType = wrapper.application; includeInIndex = 0; path = FirstOfUs.app; sourceTree = BUILT_PRODUCTS_DIR; };
		9220E0BB218B99AD001223FC /* AppDelegate.swift */ = {isa = PBXFileReference; lastKnownFileType = sourcecode.swift; path = AppDelegate.swift; sourceTree = "<group>"; };
		9220E0C1218B99AD001223FC /* GameScene.swift */ = {isa = PBXFileReference; lastKnownFileType = sourcecode.swift; path = GameScene.swift; sourceTree = "<group>"; };
		9220E0C3218B99AD001223FC /* ViewController.swift */ = {isa = PBXFileReference; lastKnownFileType = sourcecode.swift; path = ViewController.swift; sourceTree = "<group>"; };
		9220E0C8218B99AE001223FC /* Base */ = {isa = PBXFileReference; lastKnownFileType = file.storyboard; name = Base; path = Base.lproj/Main.storyboard; sourceTree = "<group>"; };
		9220E0D5218BA2FE001223FC /* Assets.xcassets */ = {isa = PBXFileReference; lastKnownFileType = folder.assetcatalog; path = Assets.xcassets; sourceTree = "<group>"; };
		9220E0D6218BA2FE001223FC /* FirstOfUs.entitlements */ = {isa = PBXFileReference; fileEncoding = 4; lastKnownFileType = text.plist.entitlements; path = FirstOfUs.entitlements; sourceTree = "<group>"; };
		9220E0D8218BA2FE001223FC /* Base */ = {isa = PBXFileReference; lastKnownFileType = file.storyboard; name = Base; path = Base.lproj/Main.storyboard; sourceTree = "<group>"; };
		9220E0D9218BA2FE001223FC /* GameScene.sks */ = {isa = PBXFileReference; lastKnownFileType = file.sks; path = GameScene.sks; sourceTree = "<group>"; };
		9220E0DA218BA2FE001223FC /* MapTileSet.sks */ = {isa = PBXFileReference; lastKnownFileType = file.sks; path = MapTileSet.sks; sourceTree = "<group>"; };
		9220E0DB218BA2FE001223FC /* Info.plist */ = {isa = PBXFileReference; fileEncoding = 4; lastKnownFileType = text.plist.xml; path = Info.plist; sourceTree = "<group>"; };
		9220E0DC218BA2FE001223FC /* Actions.sks */ = {isa = PBXFileReference; lastKnownFileType = file.sks; path = Actions.sks; sourceTree = "<group>"; };
		9220E0E3218BA321001223FC /* MapGenerator.swift */ = {isa = PBXFileReference; lastKnownFileType = sourcecode.swift; path = MapGenerator.swift; sourceTree = "<group>"; };
		9220E0E6218BA61D001223FC /* SKTileSet+GroupAccess.swift */ = {isa = PBXFileReference; lastKnownFileType = sourcecode.swift; path = "SKTileSet+GroupAccess.swift"; sourceTree = "<group>"; };
/* End PBXFileReference section */

/* Begin PBXFrameworksBuildPhase section */
		9220E0B5218B99AD001223FC /* Frameworks */ = {
			isa = PBXFrameworksBuildPhase;
			buildActionMask = 2147483647;
			files = (
			);
			runOnlyForDeploymentPostprocessing = 0;
		};
/* End PBXFrameworksBuildPhase section */

/* Begin PBXGroup section */
		9220E0AF218B99AC001223FC = {
			isa = PBXGroup;
			children = (
				9220E0BA218B99AD001223FC /* FirstOfUs */,
				9220E0B9218B99AD001223FC /* Products */,
			);
			sourceTree = "<group>";
		};
		9220E0B9218B99AD001223FC /* Products */ = {
			isa = PBXGroup;
			children = (
				9220E0B8218B99AD001223FC /* FirstOfUs.app */,
			);
			name = Products;
			sourceTree = "<group>";
		};
		9220E0BA218B99AD001223FC /* FirstOfUs */ = {
			isa = PBXGroup;
			children = (
				9220E0E5218BA604001223FC /* Extensions */,
				9220E0D4218BA2FE001223FC /* Resources */,
				9220E0D3218BA2D8001223FC /* Core */,
				9220E0BB218B99AD001223FC /* AppDelegate.swift */,
				9220E0C1218B99AD001223FC /* GameScene.swift */,
				9220E0C3218B99AD001223FC /* ViewController.swift */,
				9220E0C7218B99AE001223FC /* Main.storyboard */,
			);
			path = FirstOfUs;
			sourceTree = "<group>";
		};
		9220E0D3218BA2D8001223FC /* Core */ = {
			isa = PBXGroup;
			children = (
				9220E0E3218BA321001223FC /* MapGenerator.swift */,
			);
			path = Core;
			sourceTree = "<group>";
		};
		9220E0D4218BA2FE001223FC /* Resources */ = {
			isa = PBXGroup;
			children = (
				9220E0D5218BA2FE001223FC /* Assets.xcassets */,
				9220E0D6218BA2FE001223FC /* FirstOfUs.entitlements */,
				9220E0D7218BA2FE001223FC /* Main.storyboard */,
				9220E0D9218BA2FE001223FC /* GameScene.sks */,
				9220E0DA218BA2FE001223FC /* MapTileSet.sks */,
				9220E0DB218BA2FE001223FC /* Info.plist */,
				9220E0DC218BA2FE001223FC /* Actions.sks */,
			);
			path = Resources;
			sourceTree = "<group>";
		};
		9220E0E5218BA604001223FC /* Extensions */ = {
			isa = PBXGroup;
			children = (
				9220E0E6218BA61D001223FC /* SKTileSet+GroupAccess.swift */,
			);
			path = Extensions;
			sourceTree = "<group>";
		};
/* End PBXGroup section */

/* Begin PBXNativeTarget section */
		9220E0B7218B99AD001223FC /* FirstOfUs */ = {
			isa = PBXNativeTarget;
			buildConfigurationList = 9220E0CE218B99AE001223FC /* Build configuration list for PBXNativeTarget "FirstOfUs" */;
			buildPhases = (
				9220E0B4218B99AD001223FC /* Sources */,
				9220E0B5218B99AD001223FC /* Frameworks */,
				9220E0B6218B99AD001223FC /* Resources */,
			);
			buildRules = (
			);
			dependencies = (
			);
			name = FirstOfUs;
			productName = FirstOfUs;
			productReference = 9220E0B8218B99AD001223FC /* FirstOfUs.app */;
			productType = "com.apple.product-type.application";
		};
/* End PBXNativeTarget section */

/* Begin PBXProject section */
		9220E0B0218B99AC001223FC /* Project object */ = {
			isa = PBXProject;
			attributes = {
				LastSwiftUpdateCheck = 1010;
				LastUpgradeCheck = 1010;
				ORGANIZATIONNAME = "Stas Kirichok";
				TargetAttributes = {
					9220E0B7218B99AD001223FC = {
						CreatedOnToolsVersion = 10.1;
					};
				};
			};
			buildConfigurationList = 9220E0B3218B99AC001223FC /* Build configuration list for PBXProject "FirstOfUs" */;
			compatibilityVersion = "Xcode 9.3";
			developmentRegion = en;
			hasScannedForEncodings = 0;
			knownRegions = (
				en,
				Base,
			);
			mainGroup = 9220E0AF218B99AC001223FC;
			productRefGroup = 9220E0B9218B99AD001223FC /* Products */;
			projectDirPath = "";
			projectRoot = "";
			targets = (
				9220E0B7218B99AD001223FC /* FirstOfUs */,
			);
		};
/* End PBXProject section */

/* Begin PBXResourcesBuildPhase section */
		9220E0B6218B99AD001223FC /* Resources */ = {
			isa = PBXResourcesBuildPhase;
			buildActionMask = 2147483647;
			files = (
				9220E0E2218BA2FE001223FC /* Actions.sks in Resources */,
				9220E0E8218BA7A2001223FC /* Main.storyboard in Resources */,
				9220E0DF218BA2FE001223FC /* GameScene.sks in Resources */,
				9220E0E0218BA2FE001223FC /* MapTileSet.sks in Resources */,
				9220E0DD218BA2FE001223FC /* Assets.xcassets in Resources */,
			);
			runOnlyForDeploymentPostprocessing = 0;
		};
/* End PBXResourcesBuildPhase section */

/* Begin PBXSourcesBuildPhase section */
		9220E0B4218B99AD001223FC /* Sources */ = {
			isa = PBXSourcesBuildPhase;
			buildActionMask = 2147483647;
			files = (
				9220E0E7218BA61D001223FC /* SKTileSet+GroupAccess.swift in Sources */,
				9220E0C4218B99AD001223FC /* ViewController.swift in Sources */,
				9220E0C2218B99AD001223FC /* GameScene.swift in Sources */,
				9220E0E4218BA321001223FC /* MapGenerator.swift in Sources */,
				9220E0BC218B99AD001223FC /* AppDelegate.swift in Sources */,
			);
			runOnlyForDeploymentPostprocessing = 0;
		};
/* End PBXSourcesBuildPhase section */

/* Begin PBXVariantGroup section */
		9220E0C7218B99AE001223FC /* Main.storyboard */ = {
			isa = PBXVariantGroup;
			children = (
				9220E0C8218B99AE001223FC /* Base */,
			);
			name = Main.storyboard;
			sourceTree = "<group>";
		};
		9220E0D7218BA2FE001223FC /* Main.storyboard */ = {
			isa = PBXVariantGroup;
			children = (
				9220E0D8218BA2FE001223FC /* Base */,
			);
			name = Main.storyboard;
			sourceTree = "<group>";
		};
/* End PBXVariantGroup section */

/* Begin XCBuildConfiguration section */
		9220E0CC218B99AE001223FC /* Debug */ = {
			isa = XCBuildConfiguration;
			buildSettings = {
				ALWAYS_SEARCH_USER_PATHS = NO;
				CLANG_ANALYZER_NONNULL = YES;
				CLANG_ANALYZER_NUMBER_OBJECT_CONVERSION = YES_AGGRESSIVE;
				CLANG_CXX_LANGUAGE_STANDARD = "gnu++14";
				CLANG_CXX_LIBRARY = "libc++";
				CLANG_ENABLE_MODULES = YES;
				CLANG_ENABLE_OBJC_ARC = YES;
				CLANG_ENABLE_OBJC_WEAK = YES;
				CLANG_WARN_BLOCK_CAPTURE_AUTORELEASING = YES;
				CLANG_WARN_BOOL_CONVERSION = YES;
				CLANG_WARN_COMMA = YES;
				CLANG_WARN_CONSTANT_CONVERSION = YES;
				CLANG_WARN_DEPRECATED_OBJC_IMPLEMENTATIONS = YES;
				CLANG_WARN_DIRECT_OBJC_ISA_USAGE = YES_ERROR;
				CLANG_WARN_DOCUMENTATION_COMMENTS = YES;
				CLANG_WARN_EMPTY_BODY = YES;
				CLANG_WARN_ENUM_CONVERSION = YES;
				CLANG_WARN_INFINITE_RECURSION = YES;
				CLANG_WARN_INT_CONVERSION = YES;
				CLANG_WARN_NON_LITERAL_NULL_CONVERSION = YES;
				CLANG_WARN_OBJC_IMPLICIT_RETAIN_SELF = YES;
				CLANG_WARN_OBJC_LITERAL_CONVERSION = YES;
				CLANG_WARN_OBJC_ROOT_CLASS = YES_ERROR;
				CLANG_WARN_RANGE_LOOP_ANALYSIS = YES;
				CLANG_WARN_STRICT_PROTOTYPES = YES;
				CLANG_WARN_SUSPICIOUS_MOVE = YES;
				CLANG_WARN_UNGUARDED_AVAILABILITY = YES_AGGRESSIVE;
				CLANG_WARN_UNREACHABLE_CODE = YES;
				CLANG_WARN__DUPLICATE_METHOD_MATCH = YES;
				CODE_SIGN_IDENTITY = "-";
				COPY_PHASE_STRIP = NO;
				DEBUG_INFORMATION_FORMAT = dwarf;
				ENABLE_STRICT_OBJC_MSGSEND = YES;
				ENABLE_TESTABILITY = YES;
				GCC_C_LANGUAGE_STANDARD = gnu11;
				GCC_DYNAMIC_NO_PIC = NO;
				GCC_NO_COMMON_BLOCKS = YES;
				GCC_OPTIMIZATION_LEVEL = 0;
				GCC_PREPROCESSOR_DEFINITIONS = (
					"DEBUG=1",
					"$(inherited)",
				);
				GCC_WARN_64_TO_32_BIT_CONVERSION = YES;
				GCC_WARN_ABOUT_RETURN_TYPE = YES_ERROR;
				GCC_WARN_UNDECLARED_SELECTOR = YES;
				GCC_WARN_UNINITIALIZED_AUTOS = YES_AGGRESSIVE;
				GCC_WARN_UNUSED_FUNCTION = YES;
				GCC_WARN_UNUSED_VARIABLE = YES;
				MACOSX_DEPLOYMENT_TARGET = 10.14;
				MTL_ENABLE_DEBUG_INFO = INCLUDE_SOURCE;
				MTL_FAST_MATH = YES;
				ONLY_ACTIVE_ARCH = YES;
				SDKROOT = macosx;
				SWIFT_ACTIVE_COMPILATION_CONDITIONS = DEBUG;
				SWIFT_OPTIMIZATION_LEVEL = "-Onone";
			};
			name = Debug;
		};
		9220E0CD218B99AE001223FC /* Release */ = {
			isa = XCBuildConfiguration;
			buildSettings = {
				ALWAYS_SEARCH_USER_PATHS = NO;
				CLANG_ANALYZER_NONNULL = YES;
				CLANG_ANALYZER_NUMBER_OBJECT_CONVERSION = YES_AGGRESSIVE;
				CLANG_CXX_LANGUAGE_STANDARD = "gnu++14";
				CLANG_CXX_LIBRARY = "libc++";
				CLANG_ENABLE_MODULES = YES;
				CLANG_ENABLE_OBJC_ARC = YES;
				CLANG_ENABLE_OBJC_WEAK = YES;
				CLANG_WARN_BLOCK_CAPTURE_AUTORELEASING = YES;
				CLANG_WARN_BOOL_CONVERSION = YES;
				CLANG_WARN_COMMA = YES;
				CLANG_WARN_CONSTANT_CONVERSION = YES;
				CLANG_WARN_DEPRECATED_OBJC_IMPLEMENTATIONS = YES;
				CLANG_WARN_DIRECT_OBJC_ISA_USAGE = YES_ERROR;
				CLANG_WARN_DOCUMENTATION_COMMENTS = YES;
				CLANG_WARN_EMPTY_BODY = YES;
				CLANG_WARN_ENUM_CONVERSION = YES;
				CLANG_WARN_INFINITE_RECURSION = YES;
				CLANG_WARN_INT_CONVERSION = YES;
				CLANG_WARN_NON_LITERAL_NULL_CONVERSION = YES;
				CLANG_WARN_OBJC_IMPLICIT_RETAIN_SELF = YES;
				CLANG_WARN_OBJC_LITERAL_CONVERSION = YES;
				CLANG_WARN_OBJC_ROOT_CLASS = YES_ERROR;
				CLANG_WARN_RANGE_LOOP_ANALYSIS = YES;
				CLANG_WARN_STRICT_PROTOTYPES = YES;
				CLANG_WARN_SUSPICIOUS_MOVE = YES;
				CLANG_WARN_UNGUARDED_AVAILABILITY = YES_AGGRESSIVE;
				CLANG_WARN_UNREACHABLE_CODE = YES;
				CLANG_WARN__DUPLICATE_METHOD_MATCH = YES;
				CODE_SIGN_IDENTITY = "-";
				COPY_PHASE_STRIP = NO;
				DEBUG_INFORMATION_FORMAT = "dwarf-with-dsym";
				ENABLE_NS_ASSERTIONS = NO;
				ENABLE_STRICT_OBJC_MSGSEND = YES;
				GCC_C_LANGUAGE_STANDARD = gnu11;
				GCC_NO_COMMON_BLOCKS = YES;
				GCC_WARN_64_TO_32_BIT_CONVERSION = YES;
				GCC_WARN_ABOUT_RETURN_TYPE = YES_ERROR;
				GCC_WARN_UNDECLARED_SELECTOR = YES;
				GCC_WARN_UNINITIALIZED_AUTOS = YES_AGGRESSIVE;
				GCC_WARN_UNUSED_FUNCTION = YES;
				GCC_WARN_UNUSED_VARIABLE = YES;
				MACOSX_DEPLOYMENT_TARGET = 10.14;
				MTL_ENABLE_DEBUG_INFO = NO;
				MTL_FAST_MATH = YES;
				SDKROOT = macosx;
				SWIFT_COMPILATION_MODE = wholemodule;
				SWIFT_OPTIMIZATION_LEVEL = "-O";
			};
			name = Release;
		};
		9220E0CF218B99AE001223FC /* Debug */ = {
			isa = XCBuildConfiguration;
			buildSettings = {
				ASSETCATALOG_COMPILER_APPICON_NAME = AppIcon;
				CODE_SIGN_ENTITLEMENTS = FirstOfUs/Resources/FirstOfUs.entitlements;
				CODE_SIGN_STYLE = Automatic;
				COMBINE_HIDPI_IMAGES = YES;
				INFOPLIST_FILE = "$(SRCROOT)/FirstOfUs/Resources/Info.plist";
				LD_RUNPATH_SEARCH_PATHS = (
					"$(inherited)",
					"@executable_path/../Frameworks",
				);
				PRODUCT_BUNDLE_IDENTIFIER = com.kirichok.FirstOfUs;
				PRODUCT_NAME = "$(TARGET_NAME)";
				SWIFT_VERSION = 4.2;
			};
			name = Debug;
		};
		9220E0D0218B99AE001223FC /* Release */ = {
			isa = XCBuildConfiguration;
			buildSettings = {
				ASSETCATALOG_COMPILER_APPICON_NAME = AppIcon;
				CODE_SIGN_ENTITLEMENTS = FirstOfUs/Resources/FirstOfUs.entitlements;
				CODE_SIGN_STYLE = Automatic;
				COMBINE_HIDPI_IMAGES = YES;
				INFOPLIST_FILE = "$(SRCROOT)/FirstOfUs/Resources/Info.plist";
				LD_RUNPATH_SEARCH_PATHS = (
					"$(inherited)",
					"@executable_path/../Frameworks",
				);
				PRODUCT_BUNDLE_IDENTIFIER = com.kirichok.FirstOfUs;
				PRODUCT_NAME = "$(TARGET_NAME)";
				SWIFT_VERSION = 4.2;
			};
			name = Release;
		};
/* End XCBuildConfiguration section */

/* Begin XCConfigurationList section */
		9220E0B3218B99AC001223FC /* Build configuration list for PBXProject "FirstOfUs" */ = {
			isa = XCConfigurationList;
			buildConfigurations = (
				9220E0CC218B99AE001223FC /* Debug */,
				9220E0CD218B99AE001223FC /* Release */,
			);
			defaultConfigurationIsVisible = 0;
			defaultConfigurationName = Release;
		};
		9220E0CE218B99AE001223FC /* Build configuration list for PBXNativeTarget "FirstOfUs" */ = {
			isa = XCConfigurationList;
			buildConfigurations = (
				9220E0CF218B99AE001223FC /* Debug */,
				9220E0D0218B99AE001223FC /* Release */,
			);
			defaultConfigurationIsVisible = 0;
			defaultConfigurationName = Release;
		};
/* End XCConfigurationList section */
	};
	rootObject = 9220E0B0218B99AC001223FC /* Project object */;
}
